{
  "name": "ilara-app",
  "version": "0.1.0",
  "lockfileVersion": 3,
  "requires": true,
  "packages": {
    "": {
      "name": "ilara-app",
      "version": "0.1.0",
      "dependencies": {
        "@supabase/ssr": "^0.12.4",
        "@supabase/supabase-js": "^2.112.2",
        "@vercel/analytics": "^2.0.1",
        "@vercel/speed-insights": "^2.0.0",
        "canvas-confetti": "^1.9.4",
        "date-fns": "^4.4.0",
        "lucide-react": "^1.31.0",
        "next": "16.3.0",
        "react": "19.2.8",
        "react-dom": "19.2.8",
        "recharts": "^3.10.1",
        "supakeys": "^0.1.7"
      },
      "devDependencies": {
        "@next/bundle-analyzer": "^16.3.0",
        "@playwright/test": "^1.62.1",
        "@tailwindcss/postcss": "^4.3.3",
        "@types/canvas-confetti": "^1.9.0",
        "@types/node": "^22.20.1",
        "@types/react": "^19.2.18",
        "@types/react-dom": "^19.2.4",
        "babel-plugin-react-compiler": "1.0.0",
        "cross-env": "^7.0.3",
        "eslint": "^9",
        "eslint-config-next": "16.3.0",
        "tailwindcss": "^4.3.3",
        "typescript": "^5",
        "vitest": "^4.1.10"
      }
    },
    "node_modules/@alloc/quick-lru": {
      "version": "5.2.0",
      "resolved": "https://registry.npmjs.org/@alloc/quick-lru/-/quick-lru-5.2.0.tgz",
      "integrity": "sha512-UrcABB+4bUrFABwbluTIBErXwvbsU/V7TZWfmbgJfbkwiBuziS9gxdODUyuiecfdGQ85jglMW6juS3+z5TsKLw==",
      "dev": true,
      "license": "MIT",
      "engines": {
        "node": ">=10"
      },
      "funding": {
        "url": "https://github.com/sponsors/sindresorhus"
      }
    },
    "node_modules/@babel/code-frame": {
      "version": "7.29.7",
      "resolved": "https://registry.npmjs.org/@babel/code-frame/-/code-frame-7.29.7.tgz",
      "integrity": "sha512-Aup7aUOfpbAUg2ROOJN6Iw5f9DMBlzu0mIkm/malLQFN/YQgO48wCj0Kxa3sEHJvPVFg7siR+qRInwXd2qhQKw==",
      "dev": true,
      "license": "MIT",
      "dependencies": {
        "@babel/helper-validator-identifier": "^7.29.7",
        "js-tokens": "^4.0.0",
        "picocolors": "^1.1.1"
      },
      "engines": {
        "node": ">=6.9.0"
      }
    },
    "node_modules/@babel/compat-data": {
      "version": "7.29.7",
      "resolved": "https://registry.npmjs.org/@babel/compat-data/-/compat-data-7.29.7.tgz",
      "integrity": "sha512-locTkQyKvwIEgBzVrn8693ebc97F2U8ZHjbXwDXJ5Fn2TCpNwTlKcaKLkdHop5c/icOFE7qt7Q9JC5hnKNa6Gg==",
      "dev": true,
      "license": "MIT",
      "engines": {
        "node": ">=6.9.0"
      }
    },
    "node_modules/@babel/core": {
      "version": "7.29.7",
      "resolved": "https://registry.npmjs.org/@babel/core/-/core-7.29.7.tgz",
      "integrity": "sha512-RgHBCvtjbOK2gXSNBNIkNoEc9qoVEtau3hj8gEqKQuL3HZAibKarWFEI3Lfm6EYKkLalOh8eSrj9b+ch9H/VBA==",
      "dev": true,
      "license": "MIT",
      "dependencies": {
        "@babel/code-frame": "^7.29.7",
        "@babel/generator": "^7.29.7",
        "@babel/helper-compilation-targets": "^7.29.7",
        "@babel/helper-module-transforms": "^7.29.7",
        "@babel/helpers": "^7.29.7",
        "@babel/parser": "^7.29.7",
        "@babel/template": "^7.29.7",
        "@babel/traverse": "^7.29.7",
        "@babel/types": "^7.29.7",
        "@jridgewell/remapping": "^2.3.5",
        "convert-source-map": "^2.0.0",
        "debug": "^4.1.0",
        "gensync": "^1.0.0-beta.2",
        "json5": "^2.2.3",
        "semver": "^6.3.1"
      },
      "engines": {
        "node": ">=6.9.0"
      },
      "funding": {
        "type": "opencollective",
        "url": "https://opencollective.com/babel"
      }
    },
    "node_modules/@babel/generator": {
      "version": "7.29.8",
      "resolved": "https://registry.npmjs.org/@babel/generator/-/generator-7.29.8.tgz",
      "integrity": "sha512-gZbepsdh3WDtgZKWL+vTPh71LSBrm/Y4/QDZBVCcYfmeTEEuoOYwlSy+G1StfJg+/Zy550u/3TATbm7qDbbMtg==",
      "dev": true,
      "license": "MIT",
      "dependencies": {
        "@babel/parser": "^7.29.8",
        "@babel/types": "^7.29.8",
        "@jridgewell/gen-mapping": "^0.3.12",
        "@jridgewell/trace-mapping": "^0.3.28",
        "jsesc": "^3.0.2"
      },
      "engines": {
        "node": ">=6.9.0"
      }
    },
    "node_modules/@babel/helper-compilation-targets": {
      "version": "7.29.7",
      "resolved": "https://registry.npmjs.org/@babel/helper-compilation-targets/-/helper-compilation-targets-7.29.7.tgz",
      "integrity": "sha512-wem6WaBj4NaVYVdNhLPPVacES6ZJ+KBBfSkTMD3YZxbP3rm3Di85tJU5ljaUNhaOynt+Aj0xruhYuzQBt8n71g==",
      "dev": true,
      "license": "MIT",
      "dependencies": {
        "@babel/compat-data": "^7.29.7",
        "@babel/helper-validator-option": "^7.29.7",
        "browserslist": "^4.24.0",
        "lru-cache": "^5.1.1",
        "semver": "^6.3.1"
      },
      "engines": {
        "node": ">=6.9.0"
      }
    },
    "node_modules/@babel/helper-globals": {
      "version": "7.29.7",
      "resolved": "https://registry.npmjs.org/@babel/helper-globals/-/helper-globals-7.29.7.tgz",
      "integrity": "sha512-3nQVUAtvkKH9zahfWgw96Jc/uFOmjACE1kQz82E2lqWmHBgjzbNlsC22nuQTfahmWeQtTq5nQ/4Nnd2A1wj4zA==",
      "dev": true,
      "license": "MIT",
      "engines": {
        "node": ">=6.9.0"
      }
    },
    "node_modules/@babel/helper-module-imports": {
      "version": "7.29.7",
      "resolved": "https://registry.npmjs.org/@babel/helper-module-imports/-/helper-module-imports-7.29.7.tgz",
      "integrity": "sha512-ejHwrQQYcm9xnTivShn2IDOlIzInN34AXskvq9QicvCtEzq1Vzclu/tKF8Jq1Cg8JG2GL6/EmjgsCT7lXepE3g==",
      "dev": true,
      "license": "MIT",
      "dependencies": {
        "@babel/traverse": "^7.29.7",
        "@babel/types": "^7.29.7"
      },
      "engines": {
        "node": ">=6.9.0"
      }
    },
    "node_modules/@babel/helper-module-transforms": {
      "version": "7.29.7",
      "resolved": "https://registry.npmjs.org/@babel/helper-module-transforms/-/helper-module-transforms-7.29.7.tgz",
      "integrity": "sha512-UPUVSyXbOh627KiCIGQSgwWzGeBKLkaJ9PJEdrngIwMSzxLR4jS4+f1f1jb7VzBbg8nFLaYotvVPFCTqdrmTAg==",
      "dev": true,
      "license": "MIT",
      "dependencies": {
        "@babel/helper-module-imports": "^7.29.7",
        "@babel/helper-validator-identifier": "^7.29.7",
        "@babel/traverse": "^7.29.7"
      },
      "engines": {
        "node": ">=6.9.0"
      },
      "peerDependencies": {
        "@babel/core": "^7.0.0"
      }
    },
    "node_modules/@babel/helper-string-parser": {
      "version": "7.29.7",
      "resolved": "https://registry.npmjs.org/@babel/helper-string-parser/-/helper-string-parser-7.29.7.tgz",
      "integrity": "sha512-Pb5ijPrZ89GDH8223L4UP8i6QApWxs04RbPQJTeWDV0/keR2E36MeKnyr6LYmUUvqRRI+Iv87SuF1W6ErINzYw==",
      "devOptional": true,
      "license": "MIT",
      "engines": {
        "node": ">=6.9.0"
      }
    },
    "node_modules/@babel/helper-validator-identifier": {
      "version": "7.29.7",
      "resolved": "https://registry.npmjs.org/@babel/helper-validator-identifier/-/helper-validator-identifier-7.29.7.tgz",
      "integrity": "sha512-qehxGkRj55h/ff8EMaJ+cYhyaKlHIxqYDn682wQD7RNp9UujOQsHog2uS0r2vzr4pW+sXf90NeeayjcNaX3fFg==",
      "devOptional": true,
      "license": "MIT",
      "engines": {
        "node": ">=6.9.0"
      }
    },
    "node_modules/@babel/helper-validator-option": {
      "version": "7.29.7",
      "resolved": "https://registry.npmjs.org/@babel/helper-validator-option/-/helper-validator-option-7.29.7.tgz",
      "integrity": "sha512-N9ZErrD+yW5geCDtBqnOoxmR8+tNKiGuxKlDpuJxfsqpa2dFcexaziGAE/qoHLiDDreVNMupxGmSoNlyvsA3gw==",
      "dev": true,
      "license": "MIT",
      "engines": {
        "node": ">=6.9.0"
      }
    },
    "node_modules/@babel/helpers": {
      "version": "7.29.7",
      "resolved": "https://registry.npmjs.org/@babel/helpers/-/helpers-7.29.7.tgz",
      "integrity": "sha512-1k2lAGRMfHTcwuNYcCNUmaUffmQv8KWMfh2iJUUeRlwlwH4FdNG7mfPI10NPfLHJFThE4Tyr4mv7kTNZOiPuBg==",
      "dev": true,
      "license": "MIT",
      "dependencies": {
        "@babel/template": "^7.29.7",
        "@babel/types": "^7.29.7"
      },
      "engines": {
        "node": ">=6.9.0"
      }
    },
    "node_modules/@babel/parser": {
      "version": "7.29.8",
      "resolved": "https://registry.npmjs.org/@babel/parser/-/parser-7.29.8.tgz",
      "integrity": "sha512-E8lTAYNB1KW+FH+VGJuZM1ioAx2E6oVlvQFRrf5P8ZZmsiJXYAD9vTFV7yyEURNzgh1dFqMZuO6tUwcARbqFCA==",
      "dev": true,
      "license": "MIT",
      "dependencies": {
        "@babel/types": "^7.29.8"
      },
      "bin": {
        "parser": "bin/babel-parser.js"
      },
      "engines": {
        "node": ">=6.0.0"
      }
    },
    "node_modules/@babel/template": {
      "version": "7.29.7",
      "resolved": "https://registry.npmjs.org/@babel/template/-/template-7.29.7.tgz",
      "integrity": "sha512-puq+Gf35oI24FeN11LkoUQFqv9uwNeWpxXZi/Ji3rRIoKAzKnxRaZ+Gkj0vKS9ZCiTESfng1N9LyOyXvo+m+Gg==",
      "dev": true,
      "license": "MIT",
      "dependencies": {
        "@babel/code-frame": "^7.29.7",
        "@babel/parser": "^7.29.7",
        "@babel/types": "^7.29.7"
      },
      "engines": {
        "node": ">=6.9.0"
      }
    },
    "node_modules/@babel/traverse": {
      "version": "7.29.8",
      "resolved": "https://registry.npmjs.org/@babel/traverse/-/traverse-7.29.8.tgz",
      "integrity": "sha512-I5z7H3bf/41ktsNVLtpN0wAa336HkqIHQ5BuPLEhTkt1jVSyZpeNKIzTgEWmlxjdg81R0IgUCcaE+Ok3NvrfZg==",
      "dev": true,
      "license": "MIT",
      "dependencies": {
        "@babel/code-frame": "^7.29.7",
        "@babel/generator": "^7.29.8",
        "@babel/helper-globals": "^7.29.7",
        "@babel/parser": "^7.29.8",
        "@babel/template": "^7.29.7",
        "@babel/types": "^7.29.8",
        "debug": "^4.3.1"
      },
      "engines": {
        "node": ">=6.9.0"
      }
    },
    "node_modules/@babel/types": {
      "version": "7.29.8",
      "resolved": "https://registry.npmjs.org/@babel/types/-/types-7.29.8.tgz",
      "integrity": "sha512-Vj1jF3cPfxg7OAfoI7QnVKLoILlm2JF9pnVHrX8qx7AHMiYWT+NDAA7jChlNgRS4WTLc/fD1lXLmPixluj+3Gg==",
      "devOptional": true,
      "license": "MIT",
      "dependencies": {
        "@babel/helper-string-parser": "^7.29.7",
        "@babel/helper-validator-identifier": "^7.29.7"
      },
      "engines": {
        "node": ">=6.9.0"
      }
    },
    "node_modules/@discoveryjs/json-ext": {
      "version": "0.5.7",
      "resolved": "https://registry.npmjs.org/@discoveryjs/json-ext/-/json-ext-0.5.7.tgz",
      "integrity": "sha512-dBVuXR082gk3jsFp7Rd/JI4kytwGHecnCoTtXFb7DB6CNHp4rg5k1bhg0nWdLGLnOV71lmDzGQaLMy8iPLY0pw==",
      "dev": true,
      "license": "MIT",
      "engines": {
        "node": ">=10.0.0"
      }
    },
    "node_modules/@emnapi/core": {
      "version": "1.8.1",
      "resolved": "https://registry.npmjs.org/@emnapi/core/-/core-1.8.1.tgz",
      "integrity": "sha512-AvT9QFpxK0Zd8J0jopedNm+w/2fIzvtPKPjqyw9jwvBaReTTqPBk9Hixaz7KbjimP+QNz605/XnjFcDAL2pqBg==",
      "dev": true,
      "license": "MIT",
      "optional": true,
      "dependencies": {
        "@emnapi/wasi-threads": "1.1.0",
        "tslib": "^2.4.0"
      }
    },
    "node_modules/@emnapi/runtime": {
      "version": "1.11.3",
      "resolved": "https://registry.npmjs.org/@emnapi/runtime/-/runtime-1.11.3.tgz",
      "integrity": "sha512-Xz4Tpyki7XyrpbUK1jR1AhdAdaXyhhY4lZ3neLodmhpuWfy2PAQN5B46sAiU4liOXGLkHypn/qU+jvfWSCYYLA==",
      "license": "MIT",
      "optional": true,
      "dependencies": {
        "tslib": "^2.4.0"
      }
    },
    "node_modules/@emnapi/wasi-threads": {
      "version": "1.1.0",
      "resolved": "https://registry.npmjs.org/@emnapi/wasi-threads/-/wasi-threads-1.1.0.tgz",
      "integrity": "sha512-WI0DdZ8xFSbgMjR1sFsKABJ/C5OnRrjT06JXbZKexJGrDuPTzZdDYfFlsgcCXCyf+suG5QU2e/y1Wo2V/OapLQ==",
      "dev": true,
      "license": "MIT",
      "optional": true,
      "dependencies": {
        "tslib": "^2.4.0"
      }
    },
    "node_modules/@eslint-community/eslint-utils": {
      "version": "4.9.1",
      "resolved": "https://registry.npmjs.org/@eslint-community/eslint-utils/-/eslint-utils-4.9.1.tgz",
      "integrity": "sha512-phrYmNiYppR7znFEdqgfWHXR6NCkZEK7hwWDHZUjit/2/U0r6XvkDl0SYnoM51Hq7FhCGdLDT6zxCCOY1hexsQ==",
      "dev": true,
      "license": "MIT",
      "dependencies": {
        "eslint-visitor-keys": "^3.4.3"
      },
      "engines": {
        "node": "^12.22.0 || ^14.17.0 || >=16.0.0"
      },
      "funding": {
        "url": "https://opencollective.com/eslint"
      },
      "peerDependencies": {
        "eslint": "^6.0.0 || ^7.0.0 || >=8.0.0"
      }
    },
    "node_modules/@eslint-community/eslint-utils/node_modules/eslint-visitor-keys": {
      "version": "3.4.3",
      "resolved": "https://registry.npmjs.org/eslint-visitor-keys/-/eslint-visitor-keys-3.4.3.tgz",
      "integrity": "sha512-wpc+LXeiyiisxPlEkUzU6svyS1frIO3Mgxj1fdy7Pm8Ygzguax2N3Fa/D/ag1WqbOprdI+uY6wMUl8/a2G+iag==",
      "dev": true,
      "license": "Apache-2.0",
      "engines": {
        "node": "^12.22.0 || ^14.17.0 || >=16.0.0"
      },
      "funding": {
        "url": "https://opencollective.com/eslint"
      }
    },
    "node_modules/@eslint-community/regexpp": {
      "version": "4.12.2",
      "resolved": "https://registry.npmjs.org/@eslint-community/regexpp/-/regexpp-4.12.2.tgz",
      "integrity": "sha512-EriSTlt5OC9/7SXkRSCAhfSxxoSUgBm33OH+IkwbdpgoqsSsUg7y3uh+IICI/Qg4BBWr3U2i39RpmycbxMq4ew==",
      "dev": true,
      "license": "MIT",
      "engines": {
        "node": "^12.0.0 || ^14.0.0 || >=16.0.0"
      }
    },
    "node_modules/@eslint/config-array": {
      "version": "0.21.1",
      "resolved": "https://registry.npmjs.org/@eslint/config-array/-/config-array-0.21.1.tgz",
      "integrity": "sha512-aw1gNayWpdI/jSYVgzN5pL0cfzU02GT3NBpeT/DXbx1/1x7ZKxFPd9bwrzygx/qiwIQiJ1sw/zD8qY/kRvlGHA==",
      "dev": true,
      "license": "Apache-2.0",
      "dependencies": {
        "@eslint/object-schema": "^2.1.7",
        "debug": "^4.3.1",
        "minimatch": "^3.1.2"
      },
      "engines": {
        "node": "^18.18.0 || ^20.9.0 || >=21.1.0"
      }
    },
    "node_modules/@eslint/config-helpers": {
      "version": "0.4.2",
      "resolved": "https://registry.npmjs.org/@eslint/config-helpers/-/config-helpers-0.4.2.tgz",
      "integrity": "sha512-gBrxN88gOIf3R7ja5K9slwNayVcZgK6SOUORm2uBzTeIEfeVaIhOpCtTox3P6R7o2jLFwLFTLnC7kU/RGcYEgw==",
      "dev": true,
      "license": "Apache-2.0",
      "dependencies": {
        "@eslint/core": "^0.17.0"
      },
      "engines": {
        "node": "^18.18.0 || ^20.9.0 || >=21.1.0"
      }
    },
    "node_modules/@eslint/core": {
      "version": "0.17.0",
      "resolved": "https://registry.npmjs.org/@eslint/core/-/core-0.17.0.tgz",
      "integrity": "sha512-yL/sLrpmtDaFEiUj1osRP4TI2MDz1AddJL+jZ7KSqvBuliN4xqYY54IfdN8qD8Toa6g1iloph1fxQNkjOxrrpQ==",
      "dev": true,
      "license": "Apache-2.0",
      "dependencies": {
        "@types/json-schema": "^7.0.15"
÷Ž7ÚÚ$z{-®éÜj×6VÂ ¢Ð¢ÒÀ¢&æöFUöÖöGVÆW2÷f—FRöæöFUöÖöGVÆW2öÆ–v‡Fæ–æv772ÖÆ–çW‚Ö&ÓcBÖvçR#¢°¢'fW'6–öâ#¢#ã32ã"À¢'&W6öÇfVB#¢&‡GG3¢ò÷&Vv—7G'’æçÖ§2æ÷&röÆ–v‡Fæ–æv772ÖÆ–çW‚Ö&ÓcBÖvçRòÒöÆ–v‡Fæ–æv772ÖÆ–çW‚Ö&ÓcBÖvçRÓã32ãçFw¢"À¢&–çFVw&—G’#¢'6†S"Ö£'bö—F×“D†Äç†Æ3gfôµ…–t'æ“æs$Å6†sG£twVgVw3U³'7T%g–“”“e”‡WVõdgƒ”UF–ã6T4V„Åg•„uä¶sÓÒ"À¢&7R#¢°¢&&ÓcB ¢ÒÀ¢&FWb#¢G'VRÀ¢&Æ–6Vç6R#¢$ÕÂÓ"ã"À¢&÷F–öæÂ#¢G'VRÀ¢&÷2#¢°¢&Æ–çW‚ ¢ÒÀ¢&Væv–æW2#¢°¢&æöFR#¢#ãÒ"ãã ¢ÒÀ¢&gVæF–ær#¢°¢'G—R#¢&÷Væ6öÆÆV7F—fR"À¢'W&Â#¢&‡GG3¢òö÷Væ6öÆÆV7F—fRæ6öÒ÷&6VÂ ¢Ð¢ÒÀ¢&æöFUöÖöGVÆW2÷f—FRöæöFUöÖöGVÆW2öÆ–v‡Fæ–æv772ÖÆ–çW‚Ö&ÓcBÖ×W6Â#¢°¢'fW'6–öâ#¢#ã32ã"À¢'&W6öÇfVB#¢&‡GG3¢ò÷&Vv—7G'’æçÖ§2æ÷&röÆ–v‡Fæ–æv772ÖÆ–çW‚Ö&ÓcBÖ×W6ÂòÒöÆ–v‡Fæ–æv772ÖÆ–çW‚Ö&ÓcBÖ×W6ÂÓã32ãçFw¢"À¢&–çFVw&—G’#¢'6†S"×–”óU$ô×U•u†$3c–¥¥ST5•4e¤tµ„Ã„dE‡C–Ô„¦ã·¥sSVô7DÔ“”æf5f…”ÄÔdDÃvucvô%öâôVÔÔÔvs$÷gEÓÒ"À¢&7R#¢°¢&&ÓcB ¢ÒÀ¢&FWb#¢G'VRÀ¢&Æ–6Vç6R#¢$ÕÂÓ"ã"À¢&÷F–öæÂ#¢G'VRÀ¢&÷2#¢°¢&Æ–çW‚ ¢ÒÀ¢&Væv–æW2#¢°¢&æöFR#¢#ãÒ"ãã ¢ÒÀ¢&gVæF–ær#¢°¢'G—R#¢&÷Væ6öÆÆV7F—fR"À¢'W&Â#¢&‡GG3¢òö÷Væ6öÆÆV7F—fRæ6öÒ÷&6VÂ ¢Ð¢ÒÀ¢&æöFUöÖöGVÆW2÷f—FRöæöFUöÖöGVÆW2öÆ–v‡Fæ–æv772ÖÆ–çW‚×ƒcBÖvçR#¢°¢'fW'6–öâ#¢#ã32ã"À¢'&W6öÇfVB#¢&‡GG3¢ò÷&Vv—7G'’æçÖ§2æ÷&röÆ–v‡Fæ–æv772ÖÆ–çW‚×ƒcBÖvçRòÒöÆ–v‡Fæ–æv772ÖÆ–çW‚×ƒcBÖvçRÓã32ãçFw¢"À¢&–çFVw&—G’#¢'6†S"Ö"´§StÆÖ4ã¦óDgÃF‡g–'täs’ó4ô'#Tµs&ã&§”ôFs4ÔU¥†E”FFVÖôå2´$DædÖt·g–Ä¤Æ£E3WG•$7GTsÓÒ"À¢&7R#¢°¢'ƒcB ¢ÒÀ¢&FWb#¢G'VRÀ¢&Æ–6Vç6R#¢$ÕÂÓ"ã"À¢&÷F–öæÂ#¢G'VRÀ¢&÷2#¢°¢&Æ–çW‚ ¢ÒÀ¢&Væv–æW2#¢°¢&æöFR#¢#ãÒ"ãã ¢ÒÀ¢&gVæF–ær#¢°¢'G—R#¢&÷Væ6öÆÆV7F—fR"À¢'W&Â#¢&‡GG3¢òö÷Væ6öÆÆV7F—fRæ6öÒ÷&6VÂ ¢Ð¢ÒÀ¢&æöFUöÖöGVÆW2÷f—FRöæöFUöÖöGVÆW2öÆ–v‡Fæ–æv772ÖÆ–çW‚×ƒcBÖ×W6Â#¢°¢'fW'6–öâ#¢#ã32ã"À¢'&W6öÇfVB#¢&‡GG3¢ò÷&Vv—7G'’æçÖ§2æ÷&röÆ–v‡Fæ–æv772ÖÆ–çW‚×ƒcBÖ×W6ÂòÒöÆ–v‡Fæ–æv772ÖÆ–çW‚×ƒcBÖ×W6ÂÓã32ãçFw¢"À¢&–çFVw&—G’#¢'6†S"Õ%–•–&¶ö·sG&d·¦dcSVÆv–çtU$C4ô¤FeGT§¤g3Ô³f”fäFVæ£gÄÇEƒD•Ds4ö·D¥„öUFsw$$Å¥sÓÒ"À¢&7R#¢°¢'ƒcB ¢ÒÀ¢&FWb#¢G'VRÀ¢&Æ–6Vç6R#¢$ÕÂÓ"ã"À¢&÷F–öæÂ#¢G'VRÀ¢&÷2#¢°¢&Æ–çW‚ ¢ÒÀ¢&Væv–æW2#¢°¢&æöFR#¢#ãÒ"ãã ¢ÒÀ¢&gVæF–ær#¢°¢'G—R#¢&÷Væ6öÆÆV7F—fR"À¢'W&Â#¢&‡GG3¢òö÷Væ6öÆÆV7F—fRæ6öÒ÷&6VÂ ¢Ð¢ÒÀ¢&æöFUöÖöGVÆW2÷f—FRöæöFUöÖöGVÆW2öÆ–v‡Fæ–æv772×v–ã3"Ö&ÓcBÖ×7f2#¢°¢'fW'6–öâ#¢#ã32ã"À¢'&W6öÇfVB#¢&‡GG3¢ò÷&Vv—7G'’æçÖ§2æ÷&röÆ–v‡Fæ–æv772×v–ã3"Ö&ÓcBÖ×7f2òÒöÆ–v‡Fæ–æv772×v–ã3"Ö&ÓcBÖ×7f2Óã32ãçFw¢"À¢&–çFVw&—G’#¢'6†S"Ó²´ÕdÅ4eg‡§F&f¶†Åv³gt'%Dö$'¥3%CfF#äõ¦u#”võg4w§tç—V…U•–%G#6¢³E'&æ6gV¥£GT¥‡gtÓÒ"À¢&7R#¢°¢&&ÓcB ¢ÒÀ¢&FWb#¢G'VRÀ¢&Æ–6Vç6R#¢$ÕÂÓ"ã"À¢&÷F–öæÂ#¢G'VRÀ¢&÷2#¢°¢'v–ã3" ¢ÒÀ¢&Væv–æW2#¢°¢&æöFR#¢#ãÒ"ãã ¢ÒÀ¢&gVæF–ær#¢°¢'G—R#¢&÷Væ6öÆÆV7F—fR"À¢'W&Â#¢&‡GG3¢òö÷Væ6öÆÆV7F—fRæ6öÒ÷&6VÂ ¢Ð¢ÒÀ¢&æöFUöÖöGVÆW2÷f—FRöæöFUöÖöGVÆW2öÆ–v‡Fæ–æv772×v–ã3"×ƒcBÖ×7f2#¢°¢'fW'6–öâ#¢#ã32ã"À¢'&W6öÇfVB#¢&‡GG3¢ò÷&Vv—7G'’æçÖ§2æ÷&röÆ–v‡Fæ–æv772×v–ã3"×ƒcBÖ×7f2òÒöÆ–v‡Fæ–æv772×v–ã3"×ƒcBÖ×7f2Óã32ãçFw¢"À¢&–çFVw&—G’#¢'6†S"ÔöÄT”4G‚õ†Ãg7F''“‡¤fä7dw–s4vÃFt7We—t‡W¤´T3¶ã”ætFæ”gg„vÔ×c¦·D§$G´µ7–µDE‚¶V‡TÓÒ"À¢&7R#¢°¢'ƒcB ¢ÒÀ¢&FWb#¢G'VRÀ¢&Æ–6Vç6R#¢$ÕÂÓ"ã"À¢&÷F–öæÂ#¢G'VRÀ¢&÷2#¢°¢'v–ã3" ¢ÒÀ¢&Væv–æW2#¢°¢&æöFR#¢#ãÒ"ãã ¢ÒÀ¢&gVæF–ær#¢°¢'G—R#¢&÷Væ6öÆÆV7F—fR"À¢'W&Â#¢&‡GG3¢òö÷Væ6öÆÆV7F—fRæ6öÒ÷&6VÂ ¢Ð¢ÒÀ¢&æöFUöÖöGVÆW2÷f—FRöæöFUöÖöGVÆW2÷–6öÖF6‚#¢°¢'fW'6–öâ#¢#BããR"À¢'&W6öÇfVB#¢&‡GG3¢ò÷&Vv—7G'’æçÖ§2æ÷&r÷–6öÖF6‚òÒ÷–6öÖF6‚ÓBããRçFw¢"À¢&–çFVw&—G’#¢'6†S"Õ'gwv7'Tæ¤“æ5CW…&¶W•3”Æc†Æ4—Gc3D´B¶–bµdƒ–¶GT–e”&—vƒ##sG‡FVä•£’õ#”&ED&†tu6ƒÓÒ"À¢&FWb#¢G'VRÀ¢&Æ–6Vç6R#¢$Ô•B"À¢&Væv–æW2#¢°¢&æöFR#¢#ãÓ" ¢ÒÀ¢&gVæF–ær#¢°¢'W&Â#¢&‡GG3¢òöv—F‡V"æ6öÒ÷7öç6÷'2ö¦öç66†Æ–æ¶W'B ¢Ð¢ÒÀ¢&æöFUöÖöGVÆW2÷f—FW7B#¢°¢'fW'6–öâ#¢#Bãã"À¢'&W6öÇfVB#¢&‡GG3¢ò÷&Vv—7G'’æçÖ§2æ÷&r÷f—FW7BòÒ÷f—FW7BÓBããçFw¢"À¢&–çFVw&—G’#¢'6†S"Õ#–¥UFSU3E#„6CEDç3vôv7$×74Õ$u„ÅsƒV&¥w5s•dƒTtc‡““4dÅ“”'6³fçCä÷ƒDƒEtä¥•£4uUsÓÒ"À¢&FWb#¢G'VRÀ¢&Æ–6Vç6R#¢$Ô•B"À¢&FWVæFVæ6–W2#¢°¢$f—FW7BöW‡V7B#¢#Bãã"À¢$f—FW7BöÖö6¶W"#¢#Bãã"À¢$f—FW7B÷&WGG’Öf÷&ÖB#¢#Bãã"À¢$f—FW7B÷'VææW"#¢#Bãã"À¢$f—FW7B÷6æ6†÷B#¢#Bãã"À¢$f—FW7B÷7’#¢#Bãã"À¢$f—FW7B÷WF–Ç2#¢#Bãã"À¢&W2ÖÖöGVÆRÖÆW†W"#¢%ã"ãã"À¢&W‡V7B×G—R#¢%ãã2ã"À¢&Öv–2×7G&–ær#¢%ãã3ã#"À¢&ö'Vr#¢%ã"ãã"À¢'F†R#¢%ã"ãã2"À¢'–6öÖF6‚#¢%ãBãã2"À¢'7FBÖVçb#¢%ãBãã×&2ã"À¢'F–ç–&Væ6‚#¢%ã"ã’ã"À¢'F–ç–W†V2#¢%ããã""À¢'F–ç–vÆö&'’#¢%ãã"ãR"À¢'F–ç—&–æ&÷r#¢%ã2ãã"À¢'f—FR#¢%ãbããÇÂãrããÇÂã‚ãã"À¢'v‡’Ö—2ÖæöFR×'Vææ–ær#¢%ã"ã2ã ¢ÒÀ¢&&–â#¢°¢'f—FW7B#¢'f—FW7BæÖ§2 ¢ÒÀ¢&Væv–æW2#¢°¢&æöFR#¢%ã#ããÇÂã#"ããÇÂãÓ#Bãã ¢ÒÀ¢&gVæF–ær#¢°¢'W&Â#¢&‡GG3¢òö÷Væ6öÆÆV7F—fRæ6öÒ÷f—FW7B ¢ÒÀ¢'VW$FWVæFVæ6–W2#¢°¢$VFvR×'VçF–ÖR÷fÒ#¢"¢"À¢$÷VçFVÆVÖWG'’ö’#¢%ãã’ã"À¢$G—W2öæöFR#¢%ã#ããÇÂã#"ããÇÂãÓ#Bãã"À¢$f—FW7Bö'&÷w6W"×Æ—w&–v‡B#¢#Bãã"À¢$f—FW7Bö'&÷w6W"×&Wf–Wr#¢#Bãã"À¢$f—FW7Bö'&÷w6W"×vV&G&—fW&–ò#¢#Bãã"À¢$f—FW7Bö6÷fW&vRÖ—7Fæ'VÂ#¢#Bãã"À¢$f—FW7Bö6÷fW&vR×c‚#¢#Bãã"À¢$f—FW7B÷V’#¢#Bãã"À¢&†’ÖFöÒ#¢"¢"À¢&§6FöÒ#¢"¢"À¢'f—FR#¢%ãbããÇÂãrããÇÂã‚ãã ¢ÒÀ¢'VW$FWVæFVæ6–W4ÖWF#¢°¢$VFvR×'VçF–ÖR÷fÒ#¢°¢&÷F–öæÂ#¢G'VP¢ÒÀ¢$÷VçFVÆVÖWG'’ö’#¢°¢&÷F–öæÂ#¢G'VP¢ÒÀ¢$G—W2öæöFR#¢°¢&÷F–öæÂ#¢G'VP¢ÒÀ¢$f—FW7Bö'&÷w6W"×Æ—w&–v‡B#¢°¢&÷F–öæÂ#¢G'VP¢ÒÀ¢$f—FW7Bö'&÷w6W"×&Wf–Wr#¢°¢&÷F–öæÂ#¢G'VP¢ÒÀ¢$f—FW7Bö'&÷w6W"×vV&G&—fW&–ò#¢°¢&÷F–öæÂ#¢G'VP¢ÒÀ¢$f—FW7Bö6÷fW&vRÖ—7Fæ'VÂ#¢°¢&÷F–öæÂ#¢G'VP¢ÒÀ¢$f—FW7Bö6÷fW&vR×c‚#¢°¢&÷F–öæÂ#¢G'VP¢ÒÀ¢$f—FW7B÷V’#¢°¢&÷F–öæÂ#¢G'VP¢ÒÀ¢&†’ÖFöÒ#¢°¢&÷F–öæÂ#¢G'VP¢ÒÀ¢&§6FöÒ#¢°¢&÷F–öæÂ#¢G'VP¢ÒÀ¢'f—FR#¢°¢&÷F–öæÂ#¢fÇ6P¢Ð¢Ð¢ÒÀ¢&æöFUöÖöGVÆW2÷f—FW7BöæöFUöÖöGVÆW2÷–6öÖF6‚#¢°¢'fW'6–öâ#¢#BããR"À¢'&W6öÇfVB#¢&‡GG3¢ò÷&Vv—7G'’æçÖ§2æ÷&r÷–6öÖF6‚òÒ÷–6öÖF6‚ÓBããRçFw¢"À¢&–çFVw&—G’#¢'6†S"Õ'gwv7'Tæ¤“æ5CW…&¶W•3”Æc†Æ4—Gc3D´B¶–bµdƒ–¶GT–e”&—vƒ##sG‡FVä•£’õ#”&ED&†tu6ƒÓÒ"À¢&FWb#¢G'VRÀ¢&Æ–6Vç6R#¢$Ô•B"À¢&Væv–æW2#¢°¢&æöFR#¢#ãÓ" ¢ÒÀ¢&gVæF–ær#¢°¢'W&Â#¢&‡GG3¢òöv—F‡V"æ6öÒ÷7öç6÷'2ö¦öç66†Æ–æ¶W'B ¢Ð¢ÒÀ¢&æöFUöÖöGVÆW2÷vV'6²Ö'VæFÆRÖæÇ—¦W"#¢°¢'fW'6–öâ#¢#Bãã"À¢'&W6öÇfVB#¢&‡GG3¢ò÷&Vv—7G'’æçÖ§2æ÷&r÷vV'6²Ö'VæFÆRÖæÇ—¦W"òÒ÷vV'6²Ö'VæFÆRÖæÇ—¦W"ÓBããçFw¢"À¢&–çFVw&—G’#¢'6†S"×35wvW†uBô…EU5–w„§–ã#„³“–ÖÔÇD‡4¦WÕ§S#„–Ô¦3S%çe•s£'£'T–#ô£6U–vug2·bóÓÒ"À¢&FWb#¢G'VRÀ¢&Æ–6Vç6R#¢$Ô•B"À¢&FWVæFVæ6–W2#¢°¢$F—66÷fW'–§2ö§6öâÖW‡B#¢#ãRãr"À¢&6÷&â#¢%ã‚ããB"À¢&6÷&â×vÆ²#¢%ã‚ãã"À¢&6öÖÖæFW"#¢%ãrã"ã"À¢&FV&÷Væ6R#¢%ãã"ã"À¢&W66R×7G&–ær×&VvW‡#¢%ãBãã"À¢&w¦—×6—¦R#¢%ãbãã"À¢&‡FÖÂÖW66W"#¢%ã"ãã""À¢&—2×Æ–âÖö&¦V7B#¢%ãRãã"À¢&÷VæW"#¢%ããRã""À¢'–6ö6öÆ÷'2#¢%ããã"À¢'6—'b#¢%ã"ãã2"À¢'w2#¢%ãrã2ã ¢ÒÀ¢&&–â#¢°¢'vV'6²Ö'VæFÆRÖæÇ—¦W"#¢&Æ–"ö&–âöæÇ—¦W"æ§2 ¢ÒÀ¢&Væv–æW2#¢°¢&æöFR#¢#ãÒã2ã ¢Ð¢ÒÀ¢&æöFUöÖöGVÆW2÷v†–6‚#¢°¢'fW'6–öâ#¢#"ãã""À¢'&W6öÇfVB#¢&‡GG3¢ò÷&Vv—7G'’æçÖ§2æ÷&r÷v†–6‚òÒ÷v†–6‚Ó"ãã"çFw¢"À¢&–çFVw&—G’#¢'6†S"Ô$Ä“5FÃEs5fÃsÃ7—5“cF’¶wu‡4t%•v¶·×Fæ%†w$ÔB·–£w&…s·TTG‡¤¦•„v¤UsVöv´äÔT´äÖ¦–$ÓÒ"À¢&FWb#¢G'VRÀ¢&Æ–6Vç6R#¢$•42"À¢&FWVæFVæ6–W2#¢°¢&—6W†R#¢%ã"ãã ¢ÒÀ¢&&–â#¢°¢&æöFR×v†–6‚#¢&&–âöæöFR×v†–6‚ ¢ÒÀ¢&Væv–æW2#¢°¢&æöFR#¢#ãÒ‚ ¢Ð¢ÒÀ¢&æöFUöÖöGVÆW2÷v†–6‚Ö&÷†VB×&–Ö—F—fR#¢°¢'fW'6–öâ#¢#ãã"À¢'&W6öÇfVB#¢&‡GG3¢ò÷&Vv—7G'’æçÖ§2æ÷&r÷v†–6‚Ö&÷†VB×&–Ö—F—fRòÒ÷v†–6‚Ö&÷†VB×&–Ö—F—fRÓããçFw¢"À¢&–çFVw&—G’#¢'6†S"ÕF%ƒ6Ö£†ãöD4$efÅ“„†·4„7s4Ãc¤—Tc†¤es†£43%–†Ôwg$„'¥E$ƒ"÷‡—Vç$£–s¥7–¤6§õw¤”ÓÒ"À¢&FWb#¢G'VRÀ¢&Æ–6Vç6R#¢$Ô•B"À¢&FWVæFVæ6–W2#¢°¢&—2Ö&–v–çB#¢%ããã"À¢&—2Ö&ööÆVâÖö&¦V7B#¢%ãã"ã"À¢&—2ÖçVÖ&W"Öö&¦V7B#¢%ããã"À¢&—2×7G&–ær#¢%ããã"À¢&—2×7–Ö&öÂ#¢%ããã ¢ÒÀ¢&Væv–æW2#¢°¢&æöFR#¢#ãÒãB ¢ÒÀ¢&gVæF–ær#¢°¢'W&Â#¢&‡GG3¢òöv—F‡V"æ6öÒ÷7öç6÷'2öÆ¦†&" ¢Ð¢ÒÀ¢&æöFUöÖöGVÆW2÷v†–6‚Ö'V–ÇF–â×G—R#¢°¢'fW'6–öâ#¢#ã"ã"À¢'&W6öÇfVB#¢&‡GG3¢ò÷&Vv—7G'’æçÖ§2æ÷&r÷v†–6‚Ö'V–ÇF–â×G—RòÒ÷v†–6‚Ö'V–ÇF–â×G—RÓã"ãçFw¢"À¢&–çFVw&—G’#¢'6†S"Óf”&7¦õ‚¶´Ev2µ”¤&æƒ5B´µ¥'„Òö•”å†–7³cbõfÓ#“6—R·”ô–Ö¶s¤†&£TÄäö4çcDTF•£†3D#GeÓÒ"À¢&FWb#¢G'VRÀ¢&Æ–6Vç6R#¢$Ô•B"À¢&FWVæFVæ6–W2#¢°¢&6ÆÂÖ&÷VæB#¢%ããã""À¢&gVæ7F–öâç&÷F÷G—RææÖR#¢%ãããb"À¢&†2×F÷7G&–æwFr#¢%ããã""À¢&—2Ö7–æ2ÖgVæ7F–öâ#¢%ã"ãã"À¢&—2ÖFFRÖö&¦V7B#¢%ããã"À¢&—2Öf–æÆ—¦F–öç&Vv—7G'’#¢%ããã"À¢&—2ÖvVæW&F÷"ÖgVæ7F–öâ#¢%ããã"À¢&—2×&VvW‚#¢%ãã"ã"À¢&—2×vV·&Vb#¢%ããã""À¢&—6'&’#¢%ã"ããR"À¢'v†–6‚Ö&÷†VB×&–Ö—F—fR#¢%ããã"À¢'v†–6‚Ö6öÆÆV7F–öâ#¢%ããã""À¢'v†–6‚×G—VBÖ'&’#¢%ãããb ¢ÒÀ¢&Væv–æW2#¢°¢&æöFR#¢#ãÒãB ¢ÒÀ¢&gVæF–ær#¢°¢'W&Â#¢&‡GG3¢òöv—F‡V"æ6öÒ÷7öç6÷'2öÆ¦†&" ¢Ð¢ÒÀ¢&æöFUöÖöGVÆW2÷v†–6‚Ö6öÆÆV7F–öâ#¢°¢'fW'6–öâ#¢#ãã""À¢'&W6öÇfVB#¢&‡GG3¢ò÷&Vv—7G'’æçÖ§2æ÷&r÷v†–6‚Ö6öÆÆV7F–öâòÒ÷v†–6‚Ö6öÆÆV7F–öâÓãã"çFw¢"À¢&–çFVw&—G’#¢'6†S"Ô³F¥g–¦ä&Fwf3ƒe“d&¶Å¤Tã“357u”÷T$f¶FÔ'S•¦f¶4&Ef'•FäFÖ§e¢ö¥%…'cTUµFäC33”v–—&æt7sÓÒ"À¢&FWb#¢G'VRÀ¢&Æ–6Vç6R#¢$Ô•B"À¢&FWVæFVæ6–W2#¢°¢&—2ÖÖ#¢%ã"ãã2"À¢&—2×6WB#¢%ã"ãã2"À¢&—2×vV¶Ö#¢%ã"ãã""À¢&—2×vV·6WB#¢%ã"ãã2 ¢ÒÀ¢&Væv–æW2#¢°¢&æöFR#¢#ãÒãB ¢ÒÀ¢&gVæF–ær#¢°¢'W&Â#¢&‡GG3¢òöv—F‡V"æ6öÒ÷7öç6÷'2öÆ¦†&" ¢Ð¢ÒÀ¢&æöFUöÖöGVÆW2÷v†–6‚×G—VBÖ'&’#¢°¢'fW'6–öâ#¢#ãã#"À¢'&W6öÇfVB#¢&‡GG3¢ò÷&Vv—7G'’æçÖ§2æ÷&r÷v†–6‚×G—VBÖ'&’òÒ÷v†–6‚×G—VBÖ'&’Óãã#çFw¢"À¢&–çFVw&—G’#¢'6†S"ÔÅ–gV¶×vÃƒ”$„Ã”Ö×3C#u%¥wTô‡7V¶ef4µ'—“V•†Gs—ƒ¥'&4E#•ƒGvcUó„õ¦#VÆ·5£…†sÓÒ"À¢&FWb#¢G'VRÀ¢&Æ–6Vç6R#¢$Ô•B"À¢&FWVæFVæ6–W2#¢°¢&f–Æ&ÆR×G—VBÖ'&—2#¢%ãããr"À¢&6ÆÂÖ&–æB#¢%ããã‚"À¢&6ÆÂÖ&÷VæB#¢%ãããB"À¢&f÷"ÖV6‚#¢%ãã2ãR"À¢&vWB×&÷Fò#¢%ããã"À¢&v÷B#¢%ãã"ã"À¢&†2×F÷7G&–æwFr#¢%ããã" ¢ÒÀ¢&Væv–æW2#¢°¢&æöFR#¢#ãÒãB ¢ÒÀ¢&gVæF–ær#¢°¢'W&Â#¢&‡GG3¢òöv—F‡V"æ6öÒ÷7öç6÷'2öÆ¦†&" ¢Ð¢ÒÀ¢&æöFUöÖöGVÆW2÷v‡’Ö—2ÖæöFR×'Vææ–ær#¢°¢'fW'6–öâ#¢#"ã2ã"À¢'&W6öÇfVB#¢&‡GG3¢ò÷&Vv—7G'’æçÖ§2æ÷&r÷v‡’Ö—2ÖæöFR×'Vææ–æròÒ÷v‡’Ö—2ÖæöFR×'Vææ–ærÓ"ã2ãçFw¢"À¢&–çFVw&—G’#¢'6†S"Ö…W&Öt&EdF7‡e—ç–ƒ—§Vä·¥$õv¦%¥F”ç“†D$V¦µ3vV„TE–%„£u‡fÆ×F'wUF6ÅV”—”â´7•…CEfÖ¶ó†dæÓ‡sÓÒ"À¢&FWb#¢G'VRÀ¢&Æ–6Vç6R#¢$Ô•B"À¢&FWVæFVæ6–W2#¢°¢'6–v–æfò#¢%ã"ãã"À¢'7F6¶&6²#¢#ãã" ¢ÒÀ¢&&–â#¢°¢'v‡’Ö—2ÖæöFR×'Vææ–ær#¢&6Æ’æ§2 ¢ÒÀ¢&Væv–æW2#¢°¢&æöFR#¢#ãÓ‚ ¢Ð¢ÒÀ¢&æöFUöÖöGVÆW2÷v÷&B×w&#¢°¢'fW'6–öâ#¢#ã"ãR"À¢'&W6öÇfVB#¢&‡GG3¢ò÷&Vv—7G'’æçÖ§2æ÷&r÷v÷&B×w&òÒ÷v÷&B×w&Óã"ãRçFw¢"À¢&–çFVw&—G’#¢'6†S"Ô$ã#$#VVÔÔ“•T×F§$vCVsVT5•5EW“d¥†%—6CW¥—†¤dö6µ3S55DS7vµfõw……f#4'%–4TãEGvST#V4ÓÒ"À¢&FWb#¢G'VRÀ¢&Æ–6Vç6R#¢$Ô•B"À¢&Væv–æW2#¢°¢&æöFR#¢#ãÓãã ¢Ð¢ÒÀ¢&æöFUöÖöGVÆW2÷w2#¢°¢'fW'6–öâ#¢#rãRã2"À¢'&W6öÇfVB#¢&‡GG3¢ò÷&Vv—7G'’æçÖ§2æ÷&r÷w2òÒ÷w2ÓrãRã2çFw¢"À¢&–çFVw&—G’#¢'6†S"×'4´“g„D$efcG"÷ƒ…‡”6„t³E"õ„‡&÷‡2ö¥V6õwgDU¤Ó…ERõ‚÷T•“”#757¥—w3•¤¦"óf&$'SvE„es4ôÓÒ"À¢&FWb#¢G'VRÀ¢&Æ–6Vç6R#¢$Ô•B"À¢&Væv–æW2#¢°¢&æöFR#¢#ãÓ‚ã2ã ¢ÒÀ¢'VW$FWVæFVæ6–W2#¢°¢&'VffW'WF–Â#¢%ãBãã"À¢'WFbÓ‚×fÆ–FFR#¢%ãRãã" ¢ÒÀ¢'VW$FWVæFVæ6–W4ÖWF#¢°¢&'VffW'WF–Â#¢°¢&÷F–öæÂ#¢G'VP¢ÒÀ¢'WFbÓ‚×fÆ–FFR#¢°¢&÷F–öæÂ#¢G'VP¢Ð¢Ð¢ÒÀ¢&æöFUöÖöGVÆW2÷–ÆÆ—7B#¢°¢'fW'6–öâ#¢#2ãã"À¢'&W6öÇfVB#¢&‡GG3¢ò÷&Vv—7G'’æçÖ§2æ÷&r÷–ÆÆ—7BòÒ÷–ÆÆ—7BÓ2ããçFw¢"À¢&–çFVw&—G’#¢'6†S"ÖETuuƒS–Ôõ…U–äs&Wvæ53F“DcC5Gc4¦ôÒ·3%dDÕ3”ç4³„wDÔÇ$4…·4eCvƒ4³eDöõTæã'#u&õ‡ƒFsÓÒ"À¢&FWb#¢G'VRÀ¢&Æ–6Vç6R#¢$•42 ¢ÒÀ¢&æöFUöÖöGVÆW2÷–ö7Fò×VWVR#¢°¢'fW'6–öâ#¢#ãã"À¢'&W6öÇfVB#¢&‡GG3¢ò÷&Vv—7G'’æçÖ§2æ÷&r÷–ö7Fò×VWVRòÒ÷–ö7Fò×VWVRÓããçFw¢"À¢&–çFVw&—G’#¢'6†S"×%f·7g6ää6D¢öö„v3g†uw”ã†V†T7‡6”ÄÓ†×‡TR÷BöÔõg¦WuTóÖ”ÇD…•&uD´4ÆW„ÃDÖTefwG3t†Ôå£%ÓÒ"À¢&FWb#¢G'VRÀ¢&Æ–6Vç6R#¢$Ô•B"À¢&Væv–æW2#¢°¢&æöFR#¢#ãÓ ¢ÒÀ¢&gVæF–ær#¢°¢'W&Â#¢&‡GG3¢òöv—F‡V"æ6öÒ÷7öç6÷'2÷6–æG&W6÷&‡W2 ¢Ð¢ÒÀ¢&æöFUöÖöGVÆW2÷¦öB#¢°¢'fW'6–öâ#¢#BãBã2"À¢'&W6öÇfVB#¢&‡GG3¢ò÷&Vv—7G'’æçÖ§2æ÷&r÷¦öBòÒ÷¦öBÓBãBã2çFw¢"À¢&–çFVw&—G’#¢'6†S"×—DTäf¤”¤fÃ%Wu–vÆFS&¦6…s$‡vÓDt¤dÄF•5…vEG$¥$”ã”f7—vãDF‡„¤V•tä¤Õcô'verö¶¶ssTF4„§•EÓÒ"À¢&FWb#¢G'VRÀ¢&Æ–6Vç6R#¢$Ô•B"À¢&gVæF–ær#¢°¢'W&Â#¢&‡GG3¢òöv—F‡V"æ6öÒ÷7öç6÷'2ö6öÆ–æ†6·2 ¢Ð¢ÒÀ¢&æöFUöÖöGVÆW2÷¦öB×fÆ–FF–öâÖW'&÷"#¢°¢'fW'6–öâ#¢#Bãã""À¢'&W6öÇfVB#¢&‡GG3¢ò÷&Vv—7G'’æçÖ§2æ÷&r÷¦öB×fÆ–FF–öâÖW'&÷"òÒ÷¦öB×fÆ–FF–öâÖW'&÷"ÓBãã"çFw¢"À¢&–çFVw&—G’#¢'6†S"Õböå¤ÆSf§‡USƒ"óGT£GCWc%dU£CFÇ¥¥F…”¤ç§E%Gw•v3edc4C4¶"ödUWE¥æ…36†æ¤6c”75vW6v„ÅÓÒ"À¢&FWb#¢G'VRÀ¢&Æ–6Vç6R#¢$Ô•B"À¢&Væv–æW2#¢°¢&æöFR#¢#ãÓ‚ãã ¢ÒÀ¢'VW$FWVæFVæ6–W2#¢°¢'¦öB#¢%ã2ã#RãÇÂãBãã ¢Ð¢Ð¢Ð§Ð